PODS:
  - AppCenter/Analytics (2.5.1):
    - AppCenter/Core
  - AppCenter/Core (2.5.1)
  - AppCenter/Crashes (2.5.1):
    - AppCenter/Core

DEPENDENCIES:
  - AppCenter/Analytics
  - AppCenter/Crashes

SPEC REPOS:
  trunk:
    - AppCenter

SPEC CHECKSUMS:
  AppCenter: fddcbac6e4baae3d93a196ceb0bfe0e4ce407dec

PODFILE CHECKSUM: 6f7d00d1da75f549f4e778e209491333097e8495

COCOAPODS: 1.8.4
